
Microsoft Visual Studio Solution File, Format Version 12.00
# Visual Studio Version 17
VisualStudioVersion = 17.7.34221.43
MinimumVisualStudioVersion = 10.0.40219.1
Project("{9A19103F-16F7-4668-BE54-9A1E7A4F7556}") = "quizzard", "quizzard.csproj", "{F03DFA09-E8A5-4B84-B289-6B1D87DF555C}"
EndProject
Global
	GlobalSection(SolutionConfigurationPlatforms) = preSolution
		Debug|Any CPU = Debug|Any CPU
		Release|Any CPU = Release|Any CPU
	EndGlobalSection
	GlobalSection(ProjectConfigurationPlatforms) = postSolution
		{F03DFA09-E8A5-4B84-B289-6B1D87DF555C}.Debug|Any CPU.ActiveCfg = Debug|Any CPU
		{F03DFA09-E8A5-4B84-B289-6B1D87DF555C}.Debug|Any CPU.Build.0 = Debug|Any CPU
		{F03DFA09-E8A5-4B84-B289-6B1D87DF555C}.Release|Any CPU.ActiveCfg = Release|Any CPU
		{F03DFA09-E8A5-4B84-B289-6B1D87DF555C}.Release|Any CPU.Build.0 = Release|Any CPU
	EndGlobalSection
	GlobalSection(SolutionProperties) = preSolution
		HideSolutionNode = FALSE
	EndGlobalSection
	GlobalSection(ExtensibilityGlobals) = postSolution
		SolutionGuid = {14E92E62-C8FA-4D0F-BCEE-26D26CC2F2F8}
	EndGlobalSection
EndGlobal
